
Microsoft Visual Studio Solution File, Format Version 12.00
# Visual Studio Version 17
VisualStudioVersion = 17.3.32804.467
MinimumVisualStudioVersion = 10.0.40219.1
Project("{FAE04EC0-301F-11D3-BF4B-00C04F79EFBC}") = "BalSunan", "BalSunan.csproj", "{8602DD64-2045-4973-9CA0-6EDF54312425}"
EndProject
Global
	GlobalSection(SolutionConfigurationPlatforms) = preSolution
		Debug|Any CPU = Debug|Any CPU
		Release|Any CPU = Release|Any CPU
	EndGlobalSection
	GlobalSection(ProjectConfigurationPlatforms) = postSolution
		{8602DD64-2045-4973-9CA0-6EDF54312425}.Debug|Any CPU.ActiveCfg = Debug|Any CPU
		{8602DD64-2045-4973-9CA0-6EDF54312425}.Debug|Any CPU.Build.0 = Debug|Any CPU
		{8602DD64-2045-4973-9CA0-6EDF54312425}.Release|Any CPU.ActiveCfg = Release|Any CPU
		{8602DD64-2045-4973-9CA0-6EDF54312425}.Release|Any CPU.Build.0 = Release|Any CPU
	EndGlobalSection
	GlobalSection(SolutionProperties) = preSolution
		HideSolutionNode = FALSE
	EndGlobalSection
	GlobalSection(ExtensibilityGlobals) = postSolution
		SolutionGuid = {847E96D0-5AD9-497B-86E7-D74EFC02FA49}
	EndGlobalSection
EndGlobal
